
Microsoft Visual Studio Solution File, Format Version 12.00
# Visual Studio 2012
Project("{FAE04EC0-301F-11D3-BF4B-00C04F79EFBC}") = "sFTP2", "sFTP2.csproj", "{3417F98D-96E5-417C-8705-52AA0D9BE4B8}"
EndProject
Global
	GlobalSection(SolutionConfigurationPlatforms) = preSolution
		Debug|Any CPU = Debug|Any CPU
		Release|Any CPU = Release|Any CPU
	EndGlobalSection
	GlobalSection(ProjectConfigurationPlatforms) = postSolution
		{3417F98D-96E5-417C-8705-52AA0D9BE4B8}.Debug|Any CPU.ActiveCfg = Debug|Any CPU
		{3417F98D-96E5-417C-8705-52AA0D9BE4B8}.Debug|Any CPU.Build.0 = Debug|Any CPU
		{3417F98D-96E5-417C-8705-52AA0D9BE4B8}.Release|Any CPU.ActiveCfg = Release|Any CPU
		{3417F98D-96E5-417C-8705-52AA0D9BE4B8}.Release|Any CPU.Build.0 = Release|Any CPU
	EndGlobalSection
	GlobalSection(SolutionProperties) = preSolution
		HideSolutionNode = FALSE
	EndGlobalSection
EndGlobal
